
Microsoft Visual Studio Solution File, Format Version 12.00
# Visual Studio Version 17
VisualStudioVersion = 17.8.34330.188
MinimumVisualStudioVersion = 10.0.40219.1
Project("{9A19103F-16F7-4668-BE54-9A1E7A4F7556}") = "KeywordGame", "KeywordGame.csproj", "{BA01DA64-05F5-4C74-8AC2-249DCA43710B}"
EndProject
Global
	GlobalSection(SolutionConfigurationPlatforms) = preSolution
		Debug|Any CPU = Debug|Any CPU
		Release|Any CPU = Release|Any CPU
	EndGlobalSection
	GlobalSection(ProjectConfigurationPlatforms) = postSolution
		{BA01DA64-05F5-4C74-8AC2-249DCA43710B}.Debug|Any CPU.ActiveCfg = Debug|Any CPU
		{BA01DA64-05F5-4C74-8AC2-249DCA43710B}.Debug|Any CPU.Build.0 = Debug|Any CPU
		{BA01DA64-05F5-4C74-8AC2-249DCA43710B}.Release|Any CPU.ActiveCfg = Release|Any CPU
		{BA01DA64-05F5-4C74-8AC2-249DCA43710B}.Release|Any CPU.Build.0 = Release|Any CPU
	EndGlobalSection
	GlobalSection(SolutionProperties) = preSolution
		HideSolutionNode = FALSE
	EndGlobalSection
	GlobalSection(ExtensibilityGlobals) = postSolution
		SolutionGuid = {A94E1AF3-DEF9-4177-AEC8-93FF4CA01827}
	EndGlobalSection
EndGlobal
